
Microsoft Visual Studio Solution File, Format Version 12.00
# Visual Studio Version 17
VisualStudioVersion = 17.14.36414.22
MinimumVisualStudioVersion = 10.0.40219.1
Project("{2150E333-8FDC-42A3-9474-1A3956D46DE8}") = "Task0", "Task0", "{02EA681E-C7D8-13C7-8484-4AC65E1B71E8}"
EndProject
Project("{FAE04EC0-301F-11D3-BF4B-00C04F79EFBC}") = "Tyuiu.BabenkovTO.Sprint0.Task0.V0", "Tyuiu.BabenkovTO.Sprint0.Task0.V0\Tyuiu.BabenkovTO.Sprint0.Task0.V0.csproj", "{462E83D3-1775-4842-ADB9-1F651693823B}"
EndProject
Project("{2150E333-8FDC-42A3-9474-1A3956D46DE8}") = "Task1", "Task1", "{373D9441-CC17-4194-8F1C-34D431AC954E}"
EndProject
Project("{FAE04EC0-301F-11D3-BF4B-00C04F79EFBC}") = "Tyuiu.BabenkovTO.Sprint0.Task1.V0", "Tyuiu.BabenkovTO.Sprint0.Task1.V0\Tyuiu.BabenkovTO.Sprint0.Task1.V0.csproj", "{972EED62-AC61-40ED-85F9-ABDAABBACEA1}"
EndProject
Project("{2150E333-8FDC-42A3-9474-1A3956D46DE8}") = "Task2", "Task2", "{1F9B8D18-73CE-41F0-862E-1A05B95E3F92}"
EndProject
Project("{FAE04EC0-301F-11D3-BF4B-00C04F79EFBC}") = "Tyuiu.BabenkovTO.Sprint0.Task2.V0", "Tyuiu.BabenkovTO.Sprint0.Task2.V0\Tyuiu.BabenkovTO.Sprint0.Task2.V0.csproj", "{65C57042-C1B8-484F-8192-D3F8389780A8}"
EndProject
Project("{FAE04EC0-301F-11D3-BF4B-00C04F79EFBC}") = "Tyuiu.BabenkovTO.Sprint0.Task2.V0.Lib", "Tyuiu.BabenkovTO.Sprint0.Task2.V0.Lib\Tyuiu.BabenkovTO.Sprint0.Task2.V0.Lib.csproj", "{2E21FFB0-6330-4185-9BE5-1BF65D5F5B2F}"
EndProject
Project("{FAE04EC0-301F-11D3-BF4B-00C04F79EFBC}") = "Tyuiu.BabenkovTO.Sprint0.Task2.V0.Test", "Tyuiu.BabenkovTO.Sprint0.Task2.V0.Test\Tyuiu.BabenkovTO.Sprint0.Task2.V0.Test.csproj", "{40C77A3A-2247-4613-8204-066BF0B6E211}"
EndProject
Project("{2150E333-8FDC-42A3-9474-1A3956D46DE8}") = "Task3", "Task3", "{36D591C7-65C7-A0D1-1CBC-10CDE441BDC8}"
EndProject
Project("{FAE04EC0-301F-11D3-BF4B-00C04F79EFBC}") = "Tyuiu.BabenkovTO.Sprint0.Task3.V0", "Tyuiu.BabenkovTO.Sprint0.Task3.V0\Tyuiu.BabenkovTO.Sprint0.Task3.V0.csproj", "{BA721A86-717F-41AA-95A5-3C2D1559B5C1}"
EndProject
Project("{FAE04EC0-301F-11D3-BF4B-00C04F79EFBC}") = "Tyuiu.BabenkovTO.Sprint0.Task3.V0.Lib", "Tyuiu.BabenkovTO.Sprint0.Task3.V0.Lib\Tyuiu.BabenkovTO.Sprint0.Task3.V0.Lib.csproj", "{44A75C8D-4033-43C8-A1AB-A2F728FC7F4F}"
EndProject
Project("{FAE04EC0-301F-11D3-BF4B-00C04F79EFBC}") = "Tyuiu.BabenkovTO.Sprint0.Task3.V0.Test", "Tyuiu.BabenkovTO.Sprint0.Task3.V0.Test\Tyuiu.BabenkovTO.Sprint0.Task3.V0.Test.csproj", "{EE11A646-E6C4-4A6C-A88F-CED2A6430839}"
EndProject
Project("{2150E333-8FDC-42A3-9474-1A3956D46DE8}") = "Task4", "Task4", "{9A325FA0-87DB-4B9A-93F2-89ED3F0A1ED7}"
EndProject
Project("{FAE04EC0-301F-11D3-BF4B-00C04F79EFBC}") = "Tyuiu.BabenkovTO.Sprint0.Task4.V0", "Tyuiu.BabenkovTO.Sprint0.Task4.V0\Tyuiu.BabenkovTO.Sprint0.Task4.V0.csproj", "{4D0D82BC-B031-4E54-9FCD-14E6DECC3230}"
EndProject
Project("{FAE04EC0-301F-11D3-BF4B-00C04F79EFBC}") = "Tyuiu.BabenkovTO.Sprint0.Task4.V0.Lib", "Tyuiu.BabenkovTO.Sprint0.Task4.V0.Lib\Tyuiu.BabenkovTO.Sprint0.Task4.V0.Lib.csproj", "{BC0721F2-0302-418B-B213-D380C05EC481}"
EndProject
Project("{FAE04EC0-301F-11D3-BF4B-00C04F79EFBC}") = "Tyuiu.BabenkovTO.Sprint0.Task4.V0.Test", "Tyuiu.BabenkovTO.Sprint0.Task4.V0.Test\Tyuiu.BabenkovTO.Sprint0.Task4.V0.Test.csproj", "{DC669AA8-69D4-448C-B685-A1B0B2B5F921}"
EndProject
Project("{2150E333-8FDC-42A3-9474-1A3956D46DE8}") = "Task5", "Task5", "{53386753-0574-4063-8B63-A118F2763223}"
EndProject
Project("{FAE04EC0-301F-11D3-BF4B-00C04F79EFBC}") = "Tyuiu.BabenkovTO.Sprint0.Task5.V0.Test", "Tyuiu.BabenkovTO.Sprint0.Task5.V0.Test\Tyuiu.BabenkovTO.Sprint0.Task5.V0.Test.csproj", "{542384D3-4A50-4210-AFEA-40204456C1A8}"
EndProject
Project("{FAE04EC0-301F-11D3-BF4B-00C04F79EFBC}") = "Tyuiu.BabenkovTO.Sprint0.Task5.V0.Lib", "Tyuiu.BabenkovTO.Sprint0.Task5.V0.Lib\Tyuiu.BabenkovTO.Sprint0.Task5.V0.Lib.csproj", "{4A94AD01-01A1-4E05-AC12-6260F1287283}"
EndProject
Project("{FAE04EC0-301F-11D3-BF4B-00C04F79EFBC}") = "Tyuiu.BabenkovTO.Sprint0.Task5.V0", "Tyuiu.BabenkovTO.Sprint0.Task5.V0\Tyuiu.BabenkovTO.Sprint0.Task5.V0.csproj", "{BAC66319-56A3-4BDE-84E9-A7DDE42933F2}"
EndProject
Global
	GlobalSection(SolutionConfigurationPlatforms) = preSolution
		Debug|Any CPU = Debug|Any CPU
		Release|Any CPU = Release|Any CPU
	EndGlobalSection
	GlobalSection(ProjectConfigurationPlatforms) = postSolution
		{462E83D3-1775-4842-ADB9-1F651693823B}.Debug|Any CPU.ActiveCfg = Debug|Any CPU
		{462E83D3-1775-4842-ADB9-1F651693823B}.Debug|Any CPU.Build.0 = Debug|Any CPU
		{462E83D3-1775-4842-ADB9-1F651693823B}.Release|Any CPU.ActiveCfg = Release|Any CPU
		{462E83D3-1775-4842-ADB9-1F651693823B}.Release|Any CPU.Build.0 = Release|Any CPU
		{972EED62-AC61-40ED-85F9-ABDAABBACEA1}.Debug|Any CPU.ActiveCfg = Debug|Any CPU
		{972EED62-AC61-40ED-85F9-ABDAABBACEA1}.Debug|Any CPU.Build.0 = Debug|Any CPU
		{972EED62-AC61-40ED-85F9-ABDAABBACEA1}.Release|Any CPU.ActiveCfg = Release|Any CPU
		{972EED62-AC61-40ED-85F9-ABDAABBACEA1}.Release|Any CPU.Build.0 = Release|Any CPU
		{65C57042-C1B8-484F-8192-D3F8389780A8}.Debug|Any CPU.ActiveCfg = Debug|Any CPU
		{65C57042-C1B8-484F-8192-D3F8389780A8}.Debug|Any CPU.Build.0 = Debug|Any CPU
		{65C57042-C1B8-484F-8192-D3F8389780A8}.Release|Any CPU.ActiveCfg = Release|Any CPU
		{65C57042-C1B8-484F-8192-D3F8389780A8}.Release|Any CPU.Build.0 = Release|Any CPU
		{2E21FFB0-6330-4185-9BE5-1BF65D5F5B2F}.Debug|Any CPU.ActiveCfg = Debug|Any CPU
		{2E21FFB0-6330-4185-9BE5-1BF65D5F5B2F}.Debug|Any CPU.Build.0 = Debug|Any CPU
		{2E21FFB0-6330-4185-9BE5-1BF65D5F5B2F}.Release|Any CPU.ActiveCfg = Release|Any CPU
		{2E21FFB0-6330-4185-9BE5-1BF65D5F5B2F}.Release|Any CPU.Build.0 = Release|Any CPU
		{40C77A3A-2247-4613-8204-066BF0B6E211}.Debug|Any CPU.ActiveCfg = Debug|Any CPU
		{40C77A3A-2247-4613-8204-066BF0B6E211}.Debug|Any CPU.Build.0 = Debug|Any CPU
		{40C77A3A-2247-4613-8204-066BF0B6E211}.Release|Any CPU.ActiveCfg = Release|Any CPU
		{40C77A3A-2247-4613-8204-066BF0B6E211}.Release|Any CPU.Build.0 = Release|Any CPU
		{BA721A86-717F-41AA-95A5-3C2D1559B5C1}.Debug|Any CPU.ActiveCfg = Debug|Any CPU
		{BA721A86-717F-41AA-95A5-3C2D1559B5C1}.Debug|Any CPU.Build.0 = Debug|Any CPU
		{BA721A86-717F-41AA-95A5-3C2D1559B5C1}.Release|Any CPU.ActiveCfg = Release|Any CPU
		{BA721A86-717F-41AA-95A5-3C2D1559B5C1}.Release|Any CPU.Build.0 = Release|Any CPU
		{44A75C8D-4033-43C8-A1AB-A2F728FC7F4F}.Debug|Any CPU.ActiveCfg = Debug|Any CPU
		{44A75C8D-4033-43C8-A1AB-A2F728FC7F4F}.Debug|Any CPU.Build.0 = Debug|Any CPU
		{44A75C8D-4033-43C8-A1AB-A2F728FC7F4F}.Release|Any CPU.ActiveCfg = Release|Any CPU
		{44A75C8D-4033-43C8-A1AB-A2F728FC7F4F}.Release|Any CPU.Build.0 = Release|Any CPU
		{EE11A646-E6C4-4A6C-A88F-CED2A6430839}.Debug|Any CPU.ActiveCfg = Debug|Any CPU
		{EE11A646-E6C4-4A6C-A88F-CED2A6430839}.Debug|Any CPU.Build.0 = Debug|Any CPU
		{EE11A646-E6C4-4A6C-A88F-CED2A6430839}.Release|Any CPU.ActiveCfg = Release|Any CPU
		{EE11A646-E6C4-4A6C-A88F-CED2A6430839}.Release|Any CPU.Build.0 = Release|Any CPU
		{4D0D82BC-B031-4E54-9FCD-14E6DECC3230}.Debug|Any CPU.ActiveCfg = Debug|Any CPU
		{4D0D82BC-B031-4E54-9FCD-14E6DECC3230}.Debug|Any CPU.Build.0 = Debug|Any CPU
		{4D0D82BC-B031-4E54-9FCD-14E6DECC3230}.Release|Any CPU.ActiveCfg = Release|Any CPU
		{4D0D82BC-B031-4E54-9FCD-14E6DECC3230}.Release|Any CPU.Build.0 = Release|Any CPU
		{BC0721F2-0302-418B-B213-D380C05EC481}.Debug|Any CPU.ActiveCfg = Debug|Any CPU
		{BC0721F2-0302-418B-B213-D380C05EC481}.Debug|Any CPU.Build.0 = Debug|Any CPU
		{BC0721F2-0302-418B-B213-D380C05EC481}.Release|Any CPU.ActiveCfg = Release|Any CPU
		{BC0721F2-0302-418B-B213-D380C05EC481}.Release|Any CPU.Build.0 = Release|Any CPU
		{DC669AA8-69D4-448C-B685-A1B0B2B5F921}.Debug|Any CPU.ActiveCfg = Debug|Any CPU
		{DC669AA8-69D4-448C-B685-A1B0B2B5F921}.Debug|Any CPU.Build.0 = Debug|Any CPU
		{DC669AA8-69D4-448C-B685-A1B0B2B5F921}.Release|Any CPU.ActiveCfg = Release|Any CPU
		{DC669AA8-69D4-448C-B685-A1B0B2B5F921}.Release|Any CPU.Build.0 = Release|Any CPU
		{542384D3-4A50-4210-AFEA-40204456C1A8}.Debug|Any CPU.ActiveCfg = Debug|Any CPU
		{542384D3-4A50-4210-AFEA-40204456C1A8}.Debug|Any CPU.Build.0 = Debug|Any CPU
		{542384D3-4A50-4210-AFEA-40204456C1A8}.Release|Any CPU.ActiveCfg = Release|Any CPU
		{542384D3-4A50-4210-AFEA-40204456C1A8}.Release|Any CPU.Build.0 = Release|Any CPU
		{4A94AD01-01A1-4E05-AC12-6260F1287283}.Debug|Any CPU.ActiveCfg = Debug|Any CPU
		{4A94AD01-01A1-4E05-AC12-6260F1287283}.Debug|Any CPU.Build.0 = Debug|Any CPU
		{4A94AD01-01A1-4E05-AC12-6260F1287283}.Release|Any CPU.ActiveCfg = Release|Any CPU
		{4A94AD01-01A1-4E05-AC12-6260F1287283}.Release|Any CPU.Build.0 = Release|Any CPU
		{BAC66319-56A3-4BDE-84E9-A7DDE42933F2}.Debug|Any CPU.ActiveCfg = Debug|Any CPU
		{BAC66319-56A3-4BDE-84E9-A7DDE42933F2}.Debug|Any CPU.Build.0 = Debug|Any CPU
		{BAC66319-56A3-4BDE-84E9-A7DDE42933F2}.Release|Any CPU.ActiveCfg = Release|Any CPU
		{BAC66319-56A3-4BDE-84E9-A7DDE42933F2}.Release|Any CPU.Build.0 = Release|Any CPU
	EndGlobalSection
	GlobalSection(SolutionProperties) = preSolution
		HideSolutionNode = FALSE
	EndGlobalSection
	GlobalSection(NestedProjects) = preSolution
		{462E83D3-1775-4842-ADB9-1F651693823B} = {02EA681E-C7D8-13C7-8484-4AC65E1B71E8}
		{972EED62-AC61-40ED-85F9-ABDAABBACEA1} = {373D9441-CC17-4194-8F1C-34D431AC954E}
		{65C57042-C1B8-484F-8192-D3F8389780A8} = {1F9B8D18-73CE-41F0-862E-1A05B95E3F92}
		{2E21FFB0-6330-4185-9BE5-1BF65D5F5B2F} = {1F9B8D18-73CE-41F0-862E-1A05B95E3F92}
		{40C77A3A-2247-4613-8204-066BF0B6E211} = {1F9B8D18-73CE-41F0-862E-1A05B95E3F92}
		{BA721A86-717F-41AA-95A5-3C2D1559B5C1} = {36D591C7-65C7-A0D1-1CBC-10CDE441BDC8}
		{44A75C8D-4033-43C8-A1AB-A2F728FC7F4F} = {36D591C7-65C7-A0D1-1CBC-10CDE441BDC8}
		{EE11A646-E6C4-4A6C-A88F-CED2A6430839} = {36D591C7-65C7-A0D1-1CBC-10CDE441BDC8}
		{4D0D82BC-B031-4E54-9FCD-14E6DECC3230} = {9A325FA0-87DB-4B9A-93F2-89ED3F0A1ED7}
		{BC0721F2-0302-418B-B213-D380C05EC481} = {9A325FA0-87DB-4B9A-93F2-89ED3F0A1ED7}
		{DC669AA8-69D4-448C-B685-A1B0B2B5F921} = {9A325FA0-87DB-4B9A-93F2-89ED3F0A1ED7}
		{542384D3-4A50-4210-AFEA-40204456C1A8} = {53386753-0574-4063-8B63-A118F2763223}
		{4A94AD01-01A1-4E05-AC12-6260F1287283} = {53386753-0574-4063-8B63-A118F2763223}
		{BAC66319-56A3-4BDE-84E9-A7DDE42933F2} = {53386753-0574-4063-8B63-A118F2763223}
	EndGlobalSection
	GlobalSection(ExtensibilityGlobals) = postSolution
		SolutionGuid = {6583B9FE-777E-417F-9CE3-1032B8D3D097}
	EndGlobalSection
EndGlobal
